// !$*UTF8*$!
{
	archiveVersion = 1;
	classes = {
	};
	objectVersion = 55;
	objects = {

/* Begin PBXBuildFile section */
		52395F8E2D7DE06900F2072C /* AccountView.swift in Sources */ = {isa = PBXBuildFile; fileRef = 52395F8D2D7DE06900F2072C /* AccountView.swift */; };
		52395F902D7DF00F00F2072C /* LoginView.swift in Sources */ = {isa = PBXBuildFile; fileRef = 52395F8F2D7DF00F00F2072C /* LoginView.swift */; };
		5263C6092D8092EF00150615 /* CustomImagePicker.swift in Sources */ = {isa = PBXBuildFile; fileRef = 5263C6082D8092EF00150615 /* CustomImagePicker.swift */; };
		5263C60B2D80948B00150615 /* EventCreateView.swift in Sources */ = {isa = PBXBuildFile; fileRef = 5263C60A2D80948B00150615 /* EventCreateView.swift */; };
		5263C60D2D8096CA00150615 /* CheckboxView.swift in Sources */ = {isa = PBXBuildFile; fileRef = 5263C60C2D8096CA00150615 /* CheckboxView.swift */; };
		5263C6112D8195AB00150615 /* DatePickerView.swift in Sources */ = {isa = PBXBuildFile; fileRef = 5263C6102D8195AB00150615 /* DatePickerView.swift */; };
		5263C6152D83858100150615 /* EventCreate.swift in Sources */ = {isa = PBXBuildFile; fileRef = 5263C6142D83858100150615 /* EventCreate.swift */; };
		5263C61B2D87816400150615 /* TimePickerView.swift in Sources */ = {isa = PBXBuildFile; fileRef = 5263C61A2D87816400150615 /* TimePickerView.swift */; };
		5263C61D2D89915900150615 /* Rules.swift in Sources */ = {isa = PBXBuildFile; fileRef = 5263C61C2D89915900150615 /* Rules.swift */; };
		526544352D7EDAF0009FC9C0 /* CreateAccount.swift in Sources */ = {isa = PBXBuildFile; fileRef = 526544342D7EDAF0009FC9C0 /* CreateAccount.swift */; };
		526544382D7EDCE6009FC9C0 /* APIHelper.swift in Sources */ = {isa = PBXBuildFile; fileRef = 526544372D7EDCE5009FC9C0 /* APIHelper.swift */; };
		5265443A2D7EF666009FC9C0 /* DropDownView.swift in Sources */ = {isa = PBXBuildFile; fileRef = 526544392D7EF666009FC9C0 /* DropDownView.swift */; };
		5265443C2D7F6E0F009FC9C0 /* AdminDashboardView.swift in Sources */ = {isa = PBXBuildFile; fileRef = 5265443B2D7F6E0F009FC9C0 /* AdminDashboardView.swift */; };
		52F0E5CB2D58D5C100D7E92B /* Talent_HuntApp.swift in Sources */ = {isa = PBXBuildFile; fileRef = 52F0E5CA2D58D5C100D7E92B /* Talent_HuntApp.swift */; };
		52F0E5CF2D58D5C200D7E92B /* Assets.xcassets in Resources */ = {isa = PBXBuildFile; fileRef = 52F0E5CE2D58D5C200D7E92B /* Assets.xcassets */; };
		52F0E5D22D58D5C200D7E92B /* Preview Assets.xcassets in Resources */ = {isa = PBXBuildFile; fileRef = 52F0E5D12D58D5C200D7E92B /* Preview Assets.xcassets */; };
		52F0E5DE2D58D6D100D7E92B /* SignUPView.swift in Sources */ = {isa = PBXBuildFile; fileRef = 52F0E5DD2D58D6D100D7E92B /* SignUPView.swift */; };
/* End PBXBuildFile section */

/* Begin PBXFileReference section */
		52395F8D2D7DE06900F2072C /* AccountView.swift */ = {isa = PBXFileReference; lastKnownFileType = sourcecode.swift; path = AccountView.swift; sourceTree = "<group>"; };
		52395F8F2D7DF00F00F2072C /* LoginView.swift */ = {isa = PBXFileReference; lastKnownFileType = sourcecode.swift; path = LoginView.swift; sourceTree = "<group>"; };
		5263C6082D8092EF00150615 /* CustomImagePicker.swift */ = {isa = PBXFileReference; lastKnownFileType = sourcecode.swift; path = CustomImagePicker.swift; sourceTree = "<group>"; };
		5263C60A2D80948B00150615 /* EventCreateView.swift */ = {isa = PBXFileReference; lastKnownFileType = sourcecode.swift; path = EventCreateView.swift; sourceTree = "<group>"; };
		5263C60C2D8096CA00150615 /* CheckboxView.swift */ = {isa = PBXFileReference; lastKnownFileType = sourcecode.swift; path = CheckboxView.swift; sourceTree = "<group>"; };
		5263C6102D8195AB00150615 /* DatePickerView.swift */ = {isa = PBXFileReference; lastKnownFileType = sourcecode.swift; path = DatePickerView.swift; sourceTree = "<group>"; };
		5263C6142D83858100150615 /* EventCreate.swift */ = {isa = PBXFileReference; lastKnownFileType = sourcecode.swift; path = EventCreate.swift; sourceTree = "<group>"; };
		5263C61A2D87816400150615 /* TimePickerView.swift */ = {isa = PBXFileReference; lastKnownFileType = sourcecode.swift; path = TimePickerView.swift; sourceTree = "<group>"; };
		5263C61C2D89915900150615 /* Rules.swift */ = {isa = PBXFileReference; lastKnownFileType = sourcecode.swift; path = Rules.swift; sourceTree = "<group>"; };
		526544342D7EDAF0009FC9C0 /* CreateAccount.swift */ = {isa = PBXFileReference; lastKnownFileType = sourcecode.swift; path = CreateAccount.swift; sourceTree = "<group>"; };
		526544372D7EDCE5009FC9C0 /* APIHelper.swift */ = {isa = PBXFileReference; fileEncoding = 4; lastKnownFileType = sourcecode.swift; path = APIHelper.swift; sourceTree = "<group>"; };
		526544392D7EF666009FC9C0 /* DropDownView.swift */ = {isa = PBXFileReference; lastKnownFileType = sourcecode.swift; path = DropDownView.swift; sourceTree = "<group>"; };
		5265443B2D7F6E0F009FC9C0 /* AdminDashboardView.swift */ = {isa = PBXFileReference; lastKnownFileType = sourcecode.swift; path = AdminDashboardView.swift; sourceTree = "<group>"; };
		52F0E5C72D58D5C100D7E92B /* Talent-Hunt.app */ = {isa = PBXFileReference; explicitFileType = wrapper.application; includeInIndex = 0; path = "Talent-Hunt.app"; sourceTree = BUILT_PRODUCTS_DIR; };
		52F0E5CA2D58D5C100D7E92B /* Talent_HuntApp.swift */ = {isa = PBXFileReference; lastKnownFileType = sourcecode.swift; path = Talent_HuntApp.swift; sourceTree = "<group>"; };
		52F0E5CE2D58D5C200D7E92B /* Assets.xcassets */ = {isa = PBXFileReference; lastKnownFileType = folder.assetcatalog; path = Assets.xcassets; sourceTree = "<group>"; };
		52F0E5D12D58D5C200D7E92B /* Preview Assets.xcassets */ = {isa = PBXFileReference; lastKnownFileType = folder.assetcatalog; path = "Preview Assets.xcassets"; sourceTree = "<group>"; };
		52F0E5DD2D58D6D100D7E92B /* SignUPView.swift */ = {isa = PBXFileReference; lastKnownFileType = sourcecode.swift; path = SignUPView.swift; sourceTree = "<group>"; };
/* End PBXFileReference section */

/* Begin PBXFrameworksBuildPhase section */
		52F0E5C42D58D5C100D7E92B /* Frameworks */ = {
			isa = PBXFrameworksBuildPhase;
			buildActionMask = 2147483647;
			files = (
			);
			runOnlyForDeploymentPostprocessing = 0;
		};
/* End PBXFrameworksBuildPhase section */

/* Begin PBXGroup section */
		526544332D7EDAB3009FC9C0 /* Model */ = {
			isa = PBXGroup;
			children = (
				526544342D7EDAF0009FC9C0 /* CreateAccount.swift */,
				5263C6082D8092EF00150615 /* CustomImagePicker.swift */,
				5263C6142D83858100150615 /* EventCreate.swift */,
				5263C61C2D89915900150615 /* Rules.swift */,
			);
			path = Model;
			sourceTree = "<group>";
		};
		526544362D7EDCBE009FC9C0 /* API */ = {
			isa = PBXGroup;
			children = (
				526544372D7EDCE5009FC9C0 /* APIHelper.swift */,
			);
			path = API;
			sourceTree = "<group>";
		};
		52F0E5BE2D58D5C100D7E92B = {
			isa = PBXGroup;
			children = (
				526544362D7EDCBE009FC9C0 /* API */,
				526544332D7EDAB3009FC9C0 /* Model */,
				52F0E5DC2D58D6AA00D7E92B /* View */,
				52F0E5C92D58D5C100D7E92B /* Talent-Hunt */,
				52F0E5C82D58D5C100D7E92B /* Products */,
			);
			sourceTree = "<group>";
		};
		52F0E5C82D58D5C100D7E92B /* Products */ = {
			isa = PBXGroup;
			children = (
				52F0E5C72D58D5C100D7E92B /* Talent-Hunt.app */,
			);
			name = Products;
			sourceTree = "<group>";
		};
		52F0E5C92D58D5C100D7E92B /* Talent-Hunt */ = {
			isa = PBXGroup;
			children = (
				52F0E5CA2D58D5C100D7E92B /* Talent_HuntApp.swift */,
				52F0E5CE2D58D5C200D7E92B /* Assets.xcassets */,
				52F0E5D02D58D5C200D7E92B /* Preview Content */,
			);
			path = "Talent-Hunt";
			sourceTree = "<group>";
		};
		52F0E5D02D58D5C200D7E92B /* Preview Content */ = {
			isa = PBXGroup;
			children = (
				52F0E5D12D58D5C200D7E92B /* Preview Assets.xcassets */,
			);
			path = "Preview Content";
			sourceTree = "<group>";
		};
		52F0E5DC2D58D6AA00D7E92B /* View */ = {
			isa = PBXGroup;
			children = (
				52395F8D2D7DE06900F2072C /* AccountView.swift */,
				52F0E5DD2D58D6D100D7E92B /* SignUPView.swift */,
				52395F8F2D7DF00F00F2072C /* LoginView.swift */,
				526544392D7EF666009FC9C0 /* DropDownView.swift */,
				5265443B2D7F6E0F009FC9C0 /* AdminDashboardView.swift */,
				5263C60A2D80948B00150615 /* EventCreateView.swift */,
				5263C60C2D8096CA00150615 /* CheckboxView.swift */,
				5263C6102D8195AB00150615 /* DatePickerView.swift */,
				5263C61A2D87816400150615 /* TimePickerView.swift */,
			);
			path = View;
			sourceTree = "<group>";
		};
/* End PBXGroup section */

/* Begin PBXNativeTarget section */
		52F0E5C62D58D5C100D7E92B /* Talent-Hunt */ = {
			isa = PBXNativeTarget;
			buildConfigurationList = 52F0E5D52D58D5C200D7E92B /* Build configuration list for PBXNativeTarget "Talent-Hunt" */;
			buildPhases = (
				52F0E5C32D58D5C100D7E92B /* Sources */,
				52F0E5C42D58D5C100D7E92B /* Frameworks */,
				52F0E5C52D58D5C100D7E92B /* Resources */,
			);
			buildRules = (
			);
			dependencies = (
			);
			name = "Talent-Hunt";
			productName = "Talent-Hunt";
			productReference = 52F0E5C72D58D5C100D7E92B /* Talent-Hunt.app */;
			productType = "com.apple.product-type.application";
		};
/* End PBXNativeTarget section */

/* Begin PBXProject section */
		52F0E5BF2D58D5C100D7E92B /* Project object */ = {
			isa = PBXProject;
			attributes = {
				BuildIndependentTargetsInParallel = 1;
				LastSwiftUpdateCheck = 1320;
				LastUpgradeCheck = 1320;
				TargetAttributes = {
					52F0E5C62D58D5C100D7E92B = {
						CreatedOnToolsVersion = 13.2.1;
					};
				};
			};
			buildConfigurationList = 52F0E5C22D58D5C100D7E92B /* Build configuration list for PBXProject "Talent-Hunt" */;
			compatibilityVersion = "Xcode 13.0";
			developmentRegion = en;
			hasScannedForEncodings = 0;
			knownRegions = (
				en,
				Base,
			);
			mainGroup = 52F0E5BE2D58D5C100D7E92B;
			productRefGroup = 52F0E5C82D58D5C100D7E92B /* Products */;
			projectDirPath = "";
			projectRoot = "";
			targets = (
				52F0E5C62D58D5C100D7E92B /* Talent-Hunt */,
			);
		};
/* End PBXProject section */

/* Begin PBXResourcesBuildPhase section */
		52F0E5C52D58D5C100D7E92B /* Resources */ = {
			isa = PBXResourcesBuildPhase;
			buildActionMask = 2147483647;
			files = (
				52F0E5D22D58D5C200D7E92B /* Preview Assets.xcassets in Resources */,
				52F0E5CF2D58D5C200D7E92B /* Assets.xcassets in Resources */,
			);
			runOnlyForDeploymentPostprocessing = 0;
		};
/* End PBXResourcesBuildPhase section */

/* Begin PBXSourcesBuildPhase section */
		52F0E5C32D58D5C100D7E92B /* Sources */ = {
			isa = PBXSourcesBuildPhase;
			buildActionMask = 2147483647;
			files = (
				526544382D7EDCE6009FC9C0 /* APIHelper.swift in Sources */,
				52395F8E2D7DE06900F2072C /* AccountView.swift in Sources */,
				52F0E5DE2D58D6D100D7E92B /* SignUPView.swift in Sources */,
				5263C61B2D87816400150615 /* TimePickerView.swift in Sources */,
				5263C60D2D8096CA00150615 /* CheckboxView.swift in Sources */,
				5263C60B2D80948B00150615 /* EventCreateView.swift in Sources */,
				5265443A2D7EF666009FC9C0 /* DropDownView.swift in Sources */,
				5263C6112D8195AB00150615 /* DatePickerView.swift in Sources */,
				5263C6152D83858100150615 /* EventCreate.swift in Sources */,
				526544352D7EDAF0009FC9C0 /* CreateAccount.swift in Sources */,
				52395F902D7DF00F00F2072C /* LoginView.swift in Sources */,
				52F0E5CB2D58D5C100D7E92B /* Talent_HuntApp.swift in Sources */,
				5265443C2D7F6E0F009FC9C0 /* AdminDashboardView.swift in Sources */,
				5263C6092D8092EF00150615 /* CustomImagePicker.swift in Sources */,
				5263C61D2D89915900150615 /* Rules.swift in Sources */,
			);
			runOnlyForDeploymentPostprocessing = 0;
		};
/* End PBXSourcesBuildPhase section */

/* Begin XCBuildConfiguration section */
		52F0E5D32D58D5C200D7E92B /* Debug */ = {
			isa = XCBuildConfiguration;
			buildSettings = {
				ALWAYS_SEARCH_USER_PATHS = NO;
				CLANG_ANALYZER_NONNULL = YES;
				CLANG_ANALYZER_NUMBER_OBJECT_CONVERSION = YES_AGGRESSIVE;
				CLANG_CXX_LANGUAGE_STANDARD = "gnu++17";
				CLANG_CXX_LIBRARY = "libc++";
				CLANG_ENABLE_MODULES = YES;
				CLANG_ENABLE_OBJC_ARC = YES;
				CLANG_ENABLE_OBJC_WEAK = YES;
				CLANG_WARN_BLOCK_CAPTURE_AUTORELEASING = YES;
				CLANG_WARN_BOOL_CONVERSION = YES;
				CLANG_WARN_COMMA = YES;
				CLANG_WARN_CONSTANT_CONVERSION = YES;
				CLANG_WARN_DEPRECATED_OBJC_IMPLEMENTATIONS = YES;
				CLANG_WARN_DIRECT_OBJC_ISA_USAGE = YES_ERROR;
				CLANG_WARN_DOCUMENTATION_COMMENTS = YES;
				CLANG_WARN_EMPTY_BODY = YES;
				CLANG_WARN_ENUM_CONVERSION = YES;
				CLANG_WARN_INFINITE_RECURSION = YES;
				CLANG_WARN_INT_CONVERSION = YES;
				CLANG_WARN_NON_LITERAL_NULL_CONVERSION = YES;
				CLANG_WARN_OBJC_IMPLICIT_RETAIN_SELF = YES;
				CLANG_WARN_OBJC_LITERAL_CONVERSION = YES;
				CLANG_WARN_OBJC_ROOT_CLASS = YES_ERROR;
				CLANG_WARN_QUOTED_INCLUDE_IN_FRAMEWORK_HEADER = YES;
				CLANG_WARN_RANGE_LOOP_ANALYSIS = YES;
				CLANG_WARN_STRICT_PROTOTYPES = YES;
				CLANG_WARN_SUSPICIOUS_MOVE = YES;
				CLANG_WARN_UNGUARDED_AVAILABILITY = YES_AGGRESSIVE;
				CLANG_WARN_UNREACHABLE_CODE = YES;
				CLANG_WARN__DUPLICATE_METHOD_MATCH = YES;
				COPY_PHASE_STRIP = NO;
				DEBUG_INFORMATION_FORMAT = dwarf;
				ENABLE_STRICT_OBJC_MSGSEND = YES;
				ENABLE_TESTABILITY = YES;
				GCC_C_LANGUAGE_STANDARD = gnu11;
				GCC_DYNAMIC_NO_PIC = NO;
				GCC_NO_COMMON_BLOCKS = YES;
				GCC_OPTIMIZATION_LEVEL = 0;
				GCC_PREPROCESSOR_DEFINITIONS = (
					"DEBUG=1",
					"$(inherited)",
				);
				GCC_WARN_64_TO_32_BIT_CONVERSION = YES;
				GCC_WARN_ABOUT_RETURN_TYPE = YES_ERROR;
				GCC_WARN_UNDECLARED_SELECTOR = YES;
				GCC_WARN_UNINITIALIZED_AUTOS = YES_AGGRESSIVE;
				GCC_WARN_UNUSED_FUNCTION = YES;
				GCC_WARN_UNUSED_VARIABLE = YES;
				IPHONEOS_DEPLOYMENT_TARGET = 15.2;
				MTL_ENABLE_DEBUG_INFO = INCLUDE_SOURCE;
				MTL_FAST_MATH = YES;
				ONLY_ACTIVE_ARCH = YES;
				SDKROOT = iphoneos;
				SWIFT_ACTIVE_COMPILATION_CONDITIONS = DEBUG;
				SWIFT_OPTIMIZATION_LEVEL = "-Onone";
			};
			name = Debug;
		};
		52F0E5D42D58D5C200D7E92B /* Release */ = {
			isa = XCBuildConfiguration;
			buildSettings = {
				ALWAYS_SEARCH_USER_PATHS = NO;
				CLANG_ANALYZER_NONNULL = YES;
				CLANG_ANALYZER_NUMBER_OBJECT_CONVERSION = YES_AGGRESSIVE;
				CLANG_CXX_LANGUAGE_STANDARD = "gnu++17";
				CLANG_CXX_LIBRARY = "libc++";
				CLANG_ENABLE_MODULES = YES;
				CLANG_ENABLE_OBJC_ARC = YES;
				CLANG_ENABLE_OBJC_WEAK = YES;
				CLANG_WARN_BLOCK_CAPTURE_AUTORELEASING = YES;
				CLANG_WARN_BOOL_CONVERSION = YES;
				CLANG_WARN_COMMA = YES;
				CLANG_WARN_CONSTANT_CONVERSION = YES;
				CLANG_WARN_DEPRECATED_OBJC_IMPLEMENTATIONS = YES;
				CLANG_WARN_DIRECT_OBJC_ISA_USAGE = YES_ERROR;
				CLANG_WARN_DOCUMENTATION_COMMENTS = YES;
				CLANG_WARN_EMPTY_BODY = YES;
				CLANG_WARN_ENUM_CONVERSION = YES;
				CLANG_WARN_INFINITE_RECURSION = YES;
				CLANG_WARN_INT_CONVERSION = YES;
				CLANG_WARN_NON_LITERAL_NULL_CONVERSION = YES;
				CLANG_WARN_OBJC_IMPLICIT_RETAIN_SELF = YES;
				CLANG_WARN_OBJC_LITERAL_CONVERSION = YES;
				CLANG_WARN_OBJC_ROOT_CLASS = YES_ERROR;
				CLANG_WARN_QUOTED_INCLUDE_IN_FRAMEWORK_HEADER = YES;
				CLANG_WARN_RANGE_LOOP_ANALYSIS = YES;
				CLANG_WARN_STRICT_PROTOTYPES = YES;
				CLANG_WARN_SUSPICIOUS_MOVE = YES;
				CLANG_WARN_UNGUARDED_AVAILABILITY = YES_AGGRESSIVE;
				CLANG_WARN_UNREACHABLE_CODE = YES;
				CLANG_WARN__DUPLICATE_METHOD_MATCH = YES;
				COPY_PHASE_STRIP = NO;
				DEBUG_INFORMATION_FORMAT = "dwarf-with-dsym";
				ENABLE_NS_ASSERTIONS = NO;
				ENABLE_STRICT_OBJC_MSGSEND = YES;
				GCC_C_LANGUAGE_STANDARD = gnu11;
				GCC_NO_COMMON_BLOCKS = YES;
				GCC_WARN_64_TO_32_BIT_CONVERSION = YES;
				GCC_WARN_ABOUT_RETURN_TYPE = YES_ERROR;
				GCC_WARN_UNDECLARED_SELECTOR = YES;
				GCC_WARN_UNINITIALIZED_AUTOS = YES_AGGRESSIVE;
				GCC_WARN_UNUSED_FUNCTION = YES;
				GCC_WARN_UNUSED_VARIABLE = YES;
				IPHONEOS_DEPLOYMENT_TARGET = 15.2;
				MTL_ENABLE_DEBUG_INFO = NO;
				MTL_FAST_MATH = YES;
				SDKROOT = iphoneos;
				SWIFT_COMPILATION_MODE = wholemodule;
				SWIFT_OPTIMIZATION_LEVEL = "-O";
				VALIDATE_PRODUCT = YES;
			};
			name = Release;
		};
		52F0E5D62D58D5C200D7E92B /* Debug */ = {
			isa = XCBuildConfiguration;
			buildSettings = {
				ASSETCATALOG_COMPILER_APPICON_NAME = AppIcon;
				ASSETCATALOG_COMPILER_GLOBAL_ACCENT_COLOR_NAME = AccentColor;
				CODE_SIGN_STYLE = Automatic;
				CURRENT_PROJECT_VERSION = 1;
				DEVELOPMENT_ASSET_PATHS = "\"Talent-Hunt/Preview Content\"";
				ENABLE_PREVIEWS = YES;
				GENERATE_INFOPLIST_FILE = YES;
				INFOPLIST_KEY_UIApplicationSceneManifest_Generation = YES;
				INFOPLIST_KEY_UIApplicationSupportsIndirectInputEvents = YES;
				INFOPLIST_KEY_UILaunchScreen_Generation = YES;
				INFOPLIST_KEY_UISupportedInterfaceOrientations_iPad = "UIInterfaceOrientationPortrait UIInterfaceOrientationPortraitUpsideDown UIInterfaceOrientationLandscapeLeft UIInterfaceOrientationLandscapeRight";
				INFOPLIST_KEY_UISupportedInterfaceOrientations_iPhone = "UIInterfaceOrientationPortrait UIInterfaceOrientationLandscapeLeft UIInterfaceOrientationLandscapeRight";
				LD_RUNPATH_SEARCH_PATHS = (
					"$(inherited)",
					"@executable_path/Frameworks",
				);
				MARKETING_VERSION = 1.0;
				PRODUCT_BUNDLE_IDENTIFIER = "IOS.Talent-Hunt";
				PRODUCT_NAME = "$(TARGET_NAME)";
				SWIFT_EMIT_LOC_STRINGS = YES;
				SWIFT_VERSION = 5.0;
				TARGETED_DEVICE_FAMILY = "1,2";
			};
			name = Debug;
		};
		52F0E5D72D58D5C200D7E92B /* Release */ = {
			isa = XCBuildConfiguration;
			buildSettings = {
				ASSETCATALOG_COMPILER_APPICON_NAME = AppIcon;
				ASSETCATALOG_COMPILER_GLOBAL_ACCENT_COLOR_NAME = AccentColor;
				CODE_SIGN_STYLE = Automatic;
				CURRENT_PROJECT_VERSION = 1;
				DEVELOPMENT_ASSET_PATHS = "\"Talent-Hunt/Preview Content\"";
				ENABLE_PREVIEWS = YES;
				GENERATE_INFOPLIST_FILE = YES;
				INFOPLIST_KEY_UIApplicationSceneManifest_Generation = YES;
				INFOPLIST_KEY_UIApplicationSupportsIndirectInputEvents = YES;
				INFOPLIST_KEY_UILaunchScreen_Generation = YES;
				INFOPLIST_KEY_UISupportedInterfaceOrientations_iPad = "UIInterfaceOrientationPortrait UIInterfaceOrientationPortraitUpsideDown UIInterfaceOrientationLandscapeLeft UIInterfaceOrientationLandscapeRight";
				INFOPLIST_KEY_UISupportedInterfaceOrientations_iPhone = "UIInterfaceOrientationPortrait UIInterfaceOrientationLandscapeLeft UIInterfaceOrientationLandscapeRight";
				LD_RUNPATH_SEARCH_PATHS = (
					"$(inherited)",
					"@executable_path/Frameworks",
				);
				MARKETING_VERSION = 1.0;
				PRODUCT_BUNDLE_IDENTIFIER = "IOS.Talent-Hunt";
				PRODUCT_NAME = "$(TARGET_NAME)";
				SWIFT_EMIT_LOC_STRINGS = YES;
				SWIFT_VERSION = 5.0;
				TARGETED_DEVICE_FAMILY = "1,2";
			};
			name = Release;
		};
/* End XCBuildConfiguration section */

/* Begin XCConfigurationList section */
		52F0E5C22D58D5C100D7E92B /* Build configuration list for PBXProject "Talent-Hunt" */ = {
			isa = XCConfigurationList;
			buildConfigurations = (
				52F0E5D32D58D5C200D7E92B /* Debug */,
				52F0E5D42D58D5C200D7E92B /* Release */,
			);
			defaultConfigurationIsVisible = 0;
			defaultConfigurationName = Release;
		};
		52F0E5D52D58D5C200D7E92B /* Build configuration list for PBXNativeTarget "Talent-Hunt" */ = {
			isa = XCConfigurationList;
			buildConfigurations = (
				52F0E5D62D58D5C200D7E92B /* Debug */,
				52F0E5D72D58D5C200D7E92B /* Release */,
			);
			defaultConfigurationIsVisible = 0;
			defaultConfigurationName = Release;
		};
/* End XCConfigurationList section */
	};
	rootObject = 52F0E5BF2D58D5C100D7E92B /* Project object */;
}
